// !$*UTF8*$!
{
	archiveVersion = 1;
	classes = {
	};
	objectVersion = 56;
	objects = {

/* Begin PBXBuildFile section */
		2A3CDDEA29D3AAF600BCF348 /* MainTabBarViewModel.swift in Sources */ = {isa = PBXBuildFile; fileRef = 2A3CDDE929D3AAF600BCF348 /* MainTabBarViewModel.swift */; };
		2A3CDDEC29D3AB7700BCF348 /* MainTabBarViewController.swift in Sources */ = {isa = PBXBuildFile; fileRef = 2A3CDDEB29D3AB7700BCF348 /* MainTabBarViewController.swift */; };
		2A3CDDEE29D3AC6700BCF348 /* MainTabBarModel.swift in Sources */ = {isa = PBXBuildFile; fileRef = 2A3CDDED29D3AC6700BCF348 /* MainTabBarModel.swift */; };
		2A3CDDF129D3AE4500BCF348 /* FirstViewModel.swift in Sources */ = {isa = PBXBuildFile; fileRef = 2A3CDDF029D3AE4500BCF348 /* FirstViewModel.swift */; };
		2A3CDDF329D3AE6C00BCF348 /* SecondViewModel.swift in Sources */ = {isa = PBXBuildFile; fileRef = 2A3CDDF229D3AE6C00BCF348 /* SecondViewModel.swift */; };
		2A3CDDF529D3AE8900BCF348 /* ThirdViewModel.swift in Sources */ = {isa = PBXBuildFile; fileRef = 2A3CDDF429D3AE8900BCF348 /* ThirdViewModel.swift */; };
		2A3CDDF829D3AFB400BCF348 /* FirstViewController.swift in Sources */ = {isa = PBXBuildFile; fileRef = 2A3CDDF729D3AFB400BCF348 /* FirstViewController.swift */; };
		2A3CDDFA29D3B01F00BCF348 /* SecondViewContorller.swift in Sources */ = {isa = PBXBuildFile; fileRef = 2A3CDDF929D3B01F00BCF348 /* SecondViewContorller.swift */; };
		2A3CDDFC29D3B04F00BCF348 /* ThirdViewController.swift in Sources */ = {isa = PBXBuildFile; fileRef = 2A3CDDFB29D3B04F00BCF348 /* ThirdViewController.swift */; };
		2AEF7B0D29E51F9C00CA5A93 /* BoxView.swift in Sources */ = {isa = PBXBuildFile; fileRef = 2AEF7B0C29E51F9C00CA5A93 /* BoxView.swift */; };
		2AEF7B1129E5245700CA5A93 /* ImageView.swift in Sources */ = {isa = PBXBuildFile; fileRef = 2AEF7B1029E5245700CA5A93 /* ImageView.swift */; };
		2AEF7B1829E529F800CA5A93 /* LogoLabel.swift in Sources */ = {isa = PBXBuildFile; fileRef = 2AEF7B1729E529F800CA5A93 /* LogoLabel.swift */; };
		4306BB5329C9A00900C2971E /* SnapKit in Frameworks */ = {isa = PBXBuildFile; productRef = 4306BB5229C9A00900C2971E /* SnapKit */; };
		431236CC29DEE955003FAB5D /* CardDeck.swift in Sources */ = {isa = PBXBuildFile; fileRef = 431236CB29DEE955003FAB5D /* CardDeck.swift */; };
		434691AE29C2FB840053AF5A /* .swiftlint.yml in Resources */ = {isa = PBXBuildFile; fileRef = 434691AD29C2FB840053AF5A /* .swiftlint.yml */; };
		434691B129C2FC950053AF5A /* .swiftformat in Resources */ = {isa = PBXBuildFile; fileRef = 434691B029C2FC950053AF5A /* .swiftformat */; };
		43686F1829F56614006764EE /* LoginAPI.swift in Sources */ = {isa = PBXBuildFile; fileRef = 43686F1729F56614006764EE /* LoginAPI.swift */; };
		4399C5E429D84A9300794E69 /* MyPackNetwork.framework in Frameworks */ = {isa = PBXBuildFile; fileRef = 4399C5D129D84A9300794E69 /* MyPackNetwork.framework */; };
		4399C5E529D84A9300794E69 /* MyPackNetwork.framework in Embed Frameworks */ = {isa = PBXBuildFile; fileRef = 4399C5D129D84A9300794E69 /* MyPackNetwork.framework */; settings = {ATTRIBUTES = (CodeSignOnCopy, RemoveHeadersOnCopy, ); }; };
		4399C5F129D84B0400794E69 /* APIClient.swift in Sources */ = {isa = PBXBuildFile; fileRef = 4399C5F029D84B0400794E69 /* APIClient.swift */; };
		4399C5F329D84B1B00794E69 /* APIError.swift in Sources */ = {isa = PBXBuildFile; fileRef = 4399C5F229D84B1B00794E69 /* APIError.swift */; };
		4399C5F729D8867500794E69 /* MainTabBarViewModelTests.swift in Sources */ = {isa = PBXBuildFile; fileRef = 4399C5F629D8867500794E69 /* MainTabBarViewModelTests.swift */; };
		4399C60129D889CD00794E69 /* LoginServiceProtocol.swift in Sources */ = {isa = PBXBuildFile; fileRef = 4399C60029D889CD00794E69 /* LoginServiceProtocol.swift */; };
		4399C60529D889F000794E69 /* LoginServiceImpl.swift in Sources */ = {isa = PBXBuildFile; fileRef = 4399C60429D889F000794E69 /* LoginServiceImpl.swift */; };
		4399C61629D88DF500794E69 /* Tab.swift in Sources */ = {isa = PBXBuildFile; fileRef = 4399C61529D88DF500794E69 /* Tab.swift */; };
		4399C61A29D8913E00794E69 /* LoginCoordinatorProtocol.swift in Sources */ = {isa = PBXBuildFile; fileRef = 4399C61929D8913E00794E69 /* LoginCoordinatorProtocol.swift */; };
		4399C61E29D8918900794E69 /* MainTabCoordinatorProtocol.swift in Sources */ = {isa = PBXBuildFile; fileRef = 4399C61D29D8918900794E69 /* MainTabCoordinatorProtocol.swift */; };
		4399C62029D8919A00794E69 /* MainTabCoordinatorImpl.swift in Sources */ = {isa = PBXBuildFile; fileRef = 4399C61F29D8919A00794E69 /* MainTabCoordinatorImpl.swift */; };
		4399C62229D9AE5900794E69 /* LoginViewModel.swift in Sources */ = {isa = PBXBuildFile; fileRef = 4399C62129D9AE5900794E69 /* LoginViewModel.swift */; };
		4399C62429D9BCC200794E69 /* UserDto.swift in Sources */ = {isa = PBXBuildFile; fileRef = 4399C62329D9BCC200794E69 /* UserDto.swift */; };
		439E952129D51B6D00F104EF /* EventManager.swift in Sources */ = {isa = PBXBuildFile; fileRef = 439E952029D51B6D00F104EF /* EventManager.swift */; };
		439E952B29D51EB100F104EF /* UserModel.swift in Sources */ = {isa = PBXBuildFile; fileRef = 439E952A29D51EB100F104EF /* UserModel.swift */; };
		439E952F29D5275F00F104EF /* LoginViewController.swift in Sources */ = {isa = PBXBuildFile; fileRef = 439E952E29D5275F00F104EF /* LoginViewController.swift */; };
		439E953429D52E0400F104EF /* LoginButton.swift in Sources */ = {isa = PBXBuildFile; fileRef = 439E953329D52E0400F104EF /* LoginButton.swift */; };
		439E953C29D568AA00F104EF /* Coordinator.swift in Sources */ = {isa = PBXBuildFile; fileRef = 439E953B29D568AA00F104EF /* Coordinator.swift */; };
		439E953E29D568B500F104EF /* LoginCoordinatorImpl.swift in Sources */ = {isa = PBXBuildFile; fileRef = 439E953D29D568B500F104EF /* LoginCoordinatorImpl.swift */; };
		43CEE77829C2D69500AC7B28 /* AppDelegate.swift in Sources */ = {isa = PBXBuildFile; fileRef = 43CEE77729C2D69500AC7B28 /* AppDelegate.swift */; };
		43CEE77A29C2D69500AC7B28 /* SceneDelegate.swift in Sources */ = {isa = PBXBuildFile; fileRef = 43CEE77929C2D69500AC7B28 /* SceneDelegate.swift */; };
		43CEE78129C2D69500AC7B28 /* Assets.xcassets in Resources */ = {isa = PBXBuildFile; fileRef = 43CEE78029C2D69500AC7B28 /* Assets.xcassets */; };
		43CEE78F29C2D69500AC7B28 /* MyPackTests.swift in Sources */ = {isa = PBXBuildFile; fileRef = 43CEE78E29C2D69500AC7B28 /* MyPackTests.swift */; };
		43CEE79929C2D69500AC7B28 /* MyPackUITests.swift in Sources */ = {isa = PBXBuildFile; fileRef = 43CEE79829C2D69500AC7B28 /* MyPackUITests.swift */; };
		43CEE79B29C2D69500AC7B28 /* MyPackUITestsLaunchTests.swift in Sources */ = {isa = PBXBuildFile; fileRef = 43CEE79A29C2D69500AC7B28 /* MyPackUITestsLaunchTests.swift */; };
		43DCDBC529DE4A4900FFE1F9 /* Card.swift in Sources */ = {isa = PBXBuildFile; fileRef = 43DCDBC429DE4A4900FFE1F9 /* Card.swift */; };
		43DCDBC829DE8A8400FFE1F9 /* UIColor+Extension.swift in Sources */ = {isa = PBXBuildFile; fileRef = 43DCDBC729DE8A8400FFE1F9 /* UIColor+Extension.swift */; };
		43DCDBD429DEAFD800FFE1F9 /* MyPackAnimation.framework in Frameworks */ = {isa = PBXBuildFile; fileRef = 43DCDBCE29DEAFD700FFE1F9 /* MyPackAnimation.framework */; };
		43DCDBD529DEAFD800FFE1F9 /* MyPackAnimation.framework in Embed Frameworks */ = {isa = PBXBuildFile; fileRef = 43DCDBCE29DEAFD700FFE1F9 /* MyPackAnimation.framework */; settings = {ATTRIBUTES = (CodeSignOnCopy, RemoveHeadersOnCopy, ); }; };
		43DCDBDB29DEB06B00FFE1F9 /* CardAnimator.swift in Sources */ = {isa = PBXBuildFile; fileRef = 43DCDBDA29DEB06B00FFE1F9 /* CardAnimator.swift */; };
		43F144C329EE77BA00C2FA37 /* GoogleSignIn in Frameworks */ = {isa = PBXBuildFile; productRef = 43F144C229EE77BA00C2FA37 /* GoogleSignIn */; };
		43F144C929EE83E200C2FA37 /* GoogleSignIn in Frameworks */ = {isa = PBXBuildFile; productRef = 43F144C829EE83E200C2FA37 /* GoogleSignIn */; };
/* End PBXBuildFile section */

/* Begin PBXContainerItemProxy section */
		4399C5E229D84A9300794E69 /* PBXContainerItemProxy */ = {
			isa = PBXContainerItemProxy;
			containerPortal = 43CEE76C29C2D69500AC7B28 /* Project object */;
			proxyType = 1;
			remoteGlobalIDString = 4399C5D029D84A9200794E69;
			remoteInfo = MyPackNetwork;
		};
		43CEE78B29C2D69500AC7B28 /* PBXContainerItemProxy */ = {
			isa = PBXContainerItemProxy;
			containerPortal = 43CEE76C29C2D69500AC7B28 /* Project object */;
			proxyType = 1;
			remoteGlobalIDString = 43CEE77329C2D69500AC7B28;
			remoteInfo = MyPack;
		};
		43CEE79529C2D69500AC7B28 /* PBXContainerItemProxy */ = {
			isa = PBXContainerItemProxy;
			containerPortal = 43CEE76C29C2D69500AC7B28 /* Project object */;
			proxyType = 1;
			remoteGlobalIDString = 43CEE77329C2D69500AC7B28;
			remoteInfo = MyPack;
		};
		43DCDBD229DEAFD800FFE1F9 /* PBXContainerItemProxy */ = {
			isa = PBXContainerItemProxy;
			containerPortal = 43CEE76C29C2D69500AC7B28 /* Project object */;
			proxyType = 1;
			remoteGlobalIDString = 43DCDBCD29DEAFD700FFE1F9;
			remoteInfo = MyPackAnimation;
		};
/* End PBXContainerItemProxy section */

/* Begin PBXCopyFilesBuildPhase section */
		4399C5E629D84A9300794E69 /* Embed Frameworks */ = {
			isa = PBXCopyFilesBuildPhase;
			buildActionMask = 2147483647;
			dstPath = "";
			dstSubfolderSpec = 10;
			files = (
				43DCDBD529DEAFD800FFE1F9 /* MyPackAnimation.framework in Embed Frameworks */,
				4399C5E529D84A9300794E69 /* MyPackNetwork.framework in Embed Frameworks */,
			);
			name = "Embed Frameworks";
			runOnlyForDeploymentPostprocessing = 0;
		};
/* End PBXCopyFilesBuildPhase section */

/* Begin PBXFileReference section */
		2A3CDDE929D3AAF600BCF348 /* MainTabBarViewModel.swift */ = {isa = PBXFileReference; lastKnownFileType = sourcecode.swift; path = MainTabBarViewModel.swift; sourceTree = "<group>"; };
		2A3CDDEB29D3AB7700BCF348 /* MainTabBarViewController.swift */ = {isa = PBXFileReference; lastKnownFileType = sourcecode.swift; path = MainTabBarViewController.swift; sourceTree = "<group>"; };
		2A3CDDED29D3AC6700BCF348 /* MainTabBarModel.swift */ = {isa = PBXFileReference; lastKnownFileType = sourcecode.swift; path = MainTabBarModel.swift; sourceTree = "<group>"; };
		2A3CDDF029D3AE4500BCF348 /* FirstViewModel.swift */ = {isa = PBXFileReference; lastKnownFileType = sourcecode.swift; path = FirstViewModel.swift; sourceTree = "<group>"; };
		2A3CDDF229D3AE6C00BCF348 /* SecondViewModel.swift */ = {isa = PBXFileReference; lastKnownFileType = sourcecode.swift; path = SecondViewModel.swift; sourceTree = "<group>"; };
		2A3CDDF429D3AE8900BCF348 /* ThirdViewModel.swift */ = {isa = PBXFileReference; lastKnownFileType = sourcecode.swift; path = ThirdViewModel.swift; sourceTree = "<group>"; };
		2A3CDDF729D3AFB400BCF348 /* FirstViewController.swift */ = {isa = PBXFileReference; lastKnownFileType = sourcecode.swift; path = FirstViewController.swift; sourceTree = "<group>"; };
		2A3CDDF929D3B01F00BCF348 /* SecondViewContorller.swift */ = {isa = PBXFileReference; lastKnownFileType = sourcecode.swift; path = SecondViewContorller.swift; sourceTree = "<group>"; };
		2A3CDDFB29D3B04F00BCF348 /* ThirdViewController.swift */ = {isa = PBXFileReference; lastKnownFileType = sourcecode.swift; path = ThirdViewController.swift; sourceTree = "<group>"; };
		431236CB29DEE955003FAB5D /* CardDeck.swift */ = {isa = PBXFileReference; lastKnownFileType = sourcecode.swift; path = CardDeck.swift; sourceTree = "<group>"; };
		2AEF7B0C29E51F9C00CA5A93 /* BoxView.swift */ = {isa = PBXFileReference; lastKnownFileType = sourcecode.swift; path = BoxView.swift; sourceTree = "<group>"; };
		2AEF7B1029E5245700CA5A93 /* ImageView.swift */ = {isa = PBXFileReference; lastKnownFileType = sourcecode.swift; path = ImageView.swift; sourceTree = "<group>"; };
		2AEF7B1729E529F800CA5A93 /* LogoLabel.swift */ = {isa = PBXFileReference; lastKnownFileType = sourcecode.swift; path = LogoLabel.swift; sourceTree = "<group>"; };
		434691AD29C2FB840053AF5A /* .swiftlint.yml */ = {isa = PBXFileReference; lastKnownFileType = text.yaml; path = .swiftlint.yml; sourceTree = "<group>"; };
		434691B029C2FC950053AF5A /* .swiftformat */ = {isa = PBXFileReference; lastKnownFileType = text; path = .swiftformat; sourceTree = "<group>"; };
		43686F1729F56614006764EE /* LoginAPI.swift */ = {isa = PBXFileReference; lastKnownFileType = sourcecode.swift; path = LoginAPI.swift; sourceTree = "<group>"; };
		4399C5D129D84A9300794E69 /* MyPackNetwork.framework */ = {isa = PBXFileReference; explicitFileType = wrapper.framework; includeInIndex = 0; path = MyPackNetwork.framework; sourceTree = BUILT_PRODUCTS_DIR; };
		4399C5F029D84B0400794E69 /* APIClient.swift */ = {isa = PBXFileReference; lastKnownFileType = sourcecode.swift; path = APIClient.swift; sourceTree = "<group>"; };
		4399C5F229D84B1B00794E69 /* APIError.swift */ = {isa = PBXFileReference; lastKnownFileType = sourcecode.swift; path = APIError.swift; sourceTree = "<group>"; };
		4399C5F629D8867500794E69 /* MainTabBarViewModelTests.swift */ = {isa = PBXFileReference; lastKnownFileType = sourcecode.swift; path = MainTabBarViewModelTests.swift; sourceTree = "<group>"; };
		4399C60029D889CD00794E69 /* LoginServiceProtocol.swift */ = {isa = PBXFileReference; lastKnownFileType = sourcecode.swift; path = LoginServiceProtocol.swift; sourceTree = "<group>"; };
		4399C60429D889F000794E69 /* LoginServiceImpl.swift */ = {isa = PBXFileReference; lastKnownFileType = sourcecode.swift; path = LoginServiceImpl.swift; sourceTree = "<group>"; };
		4399C61529D88DF500794E69 /* Tab.swift */ = {isa = PBXFileReference; lastKnownFileType = sourcecode.swift; path = Tab.swift; sourceTree = "<group>"; };
		4399C61929D8913E00794E69 /* LoginCoordinatorProtocol.swift */ = {isa = PBXFileReference; lastKnownFileType = sourcecode.swift; path = LoginCoordinatorProtocol.swift; sourceTree = "<group>"; };
		4399C61D29D8918900794E69 /* MainTabCoordinatorProtocol.swift */ = {isa = PBXFileReference; lastKnownFileType = sourcecode.swift; path = MainTabCoordinatorProtocol.swift; sourceTree = "<group>"; };
		4399C61F29D8919A00794E69 /* MainTabCoordinatorImpl.swift */ = {isa = PBXFileReference; lastKnownFileType = sourcecode.swift; path = MainTabCoordinatorImpl.swift; sourceTree = "<group>"; };
		4399C62129D9AE5900794E69 /* LoginViewModel.swift */ = {isa = PBXFileReference; fileEncoding = 4; lastKnownFileType = sourcecode.swift; path = LoginViewModel.swift; sourceTree = "<group>"; };
		4399C62329D9BCC200794E69 /* UserDto.swift */ = {isa = PBXFileReference; lastKnownFileType = sourcecode.swift; path = UserDto.swift; sourceTree = "<group>"; };
		439E952029D51B6D00F104EF /* EventManager.swift */ = {isa = PBXFileReference; lastKnownFileType = sourcecode.swift; path = EventManager.swift; sourceTree = "<group>"; };
		439E952A29D51EB100F104EF /* UserModel.swift */ = {isa = PBXFileReference; lastKnownFileType = sourcecode.swift; path = UserModel.swift; sourceTree = "<group>"; };
		439E952E29D5275F00F104EF /* LoginViewController.swift */ = {isa = PBXFileReference; lastKnownFileType = sourcecode.swift; path = LoginViewController.swift; sourceTree = "<group>"; };
		439E953329D52E0400F104EF /* LoginButton.swift */ = {isa = PBXFileReference; lastKnownFileType = sourcecode.swift; path = LoginButton.swift; sourceTree = "<group>"; };
		439E953B29D568AA00F104EF /* Coordinator.swift */ = {isa = PBXFileReference; lastKnownFileType = sourcecode.swift; path = Coordinator.swift; sourceTree = "<group>"; };
		439E953D29D568B500F104EF /* LoginCoordinatorImpl.swift */ = {isa = PBXFileReference; lastKnownFileType = sourcecode.swift; path = LoginCoordinatorImpl.swift; sourceTree = "<group>"; };
		43CEE77429C2D69500AC7B28 /* MyPack.app */ = {isa = PBXFileReference; explicitFileType = wrapper.application; includeInIndex = 0; path = MyPack.app; sourceTree = BUILT_PRODUCTS_DIR; };
		43CEE77729C2D69500AC7B28 /* AppDelegate.swift */ = {isa = PBXFileReference; lastKnownFileType = sourcecode.swift; path = AppDelegate.swift; sourceTree = "<group>"; };
		43CEE77929C2D69500AC7B28 /* SceneDelegate.swift */ = {isa = PBXFileReference; lastKnownFileType = sourcecode.swift; path = SceneDelegate.swift; sourceTree = "<group>"; };
		43CEE78029C2D69500AC7B28 /* Assets.xcassets */ = {isa = PBXFileReference; lastKnownFileType = folder.assetcatalog; path = Assets.xcassets; sourceTree = "<group>"; };
		43CEE78529C2D69500AC7B28 /* Info.plist */ = {isa = PBXFileReference; lastKnownFileType = text.plist.xml; path = Info.plist; sourceTree = "<group>"; };
		43CEE78A29C2D69500AC7B28 /* MyPackTests.xctest */ = {isa = PBXFileReference; explicitFileType = wrapper.cfbundle; includeInIndex = 0; path = MyPackTests.xctest; sourceTree = BUILT_PRODUCTS_DIR; };
		43CEE78E29C2D69500AC7B28 /* MyPackTests.swift */ = {isa = PBXFileReference; lastKnownFileType = sourcecode.swift; path = MyPackTests.swift; sourceTree = "<group>"; };
		43CEE79429C2D69500AC7B28 /* MyPackUITests.xctest */ = {isa = PBXFileReference; explicitFileType = wrapper.cfbundle; includeInIndex = 0; path = MyPackUITests.xctest; sourceTree = BUILT_PRODUCTS_DIR; };
		43CEE79829C2D69500AC7B28 /* MyPackUITests.swift */ = {isa = PBXFileReference; lastKnownFileType = sourcecode.swift; path = MyPackUITests.swift; sourceTree = "<group>"; };
		43CEE79A29C2D69500AC7B28 /* MyPackUITestsLaunchTests.swift */ = {isa = PBXFileReference; lastKnownFileType = sourcecode.swift; path = MyPackUITestsLaunchTests.swift; sourceTree = "<group>"; };
		43DCDBC429DE4A4900FFE1F9 /* Card.swift */ = {isa = PBXFileReference; lastKnownFileType = sourcecode.swift; path = Card.swift; sourceTree = "<group>"; };
		43DCDBC729DE8A8400FFE1F9 /* UIColor+Extension.swift */ = {isa = PBXFileReference; lastKnownFileType = sourcecode.swift; path = "UIColor+Extension.swift"; sourceTree = "<group>"; };
		43DCDBCE29DEAFD700FFE1F9 /* MyPackAnimation.framework */ = {isa = PBXFileReference; explicitFileType = wrapper.framework; includeInIndex = 0; path = MyPackAnimation.framework; sourceTree = BUILT_PRODUCTS_DIR; };
		43DCDBDA29DEB06B00FFE1F9 /* CardAnimator.swift */ = {isa = PBXFileReference; lastKnownFileType = sourcecode.swift; path = CardAnimator.swift; sourceTree = "<group>"; };
/* End PBXFileReference section */

/* Begin PBXFrameworksBuildPhase section */
		4399C5CE29D84A9200794E69 /* Frameworks */ = {
			isa = PBXFrameworksBuildPhase;
			buildActionMask = 2147483647;
			files = (
				43F144C329EE77BA00C2FA37 /* GoogleSignIn in Frameworks */,
			);
			runOnlyForDeploymentPostprocessing = 0;
		};
		43CEE77129C2D69500AC7B28 /* Frameworks */ = {
			isa = PBXFrameworksBuildPhase;
			buildActionMask = 2147483647;
			files = (
				43DCDBD429DEAFD800FFE1F9 /* MyPackAnimation.framework in Frameworks */,
				4399C5E429D84A9300794E69 /* MyPackNetwork.framework in Frameworks */,
				4306BB5329C9A00900C2971E /* SnapKit in Frameworks */,
			);
			runOnlyForDeploymentPostprocessing = 0;
		};
		43CEE78729C2D69500AC7B28 /* Frameworks */ = {
			isa = PBXFrameworksBuildPhase;
			buildActionMask = 2147483647;
			files = (
				43F144C929EE83E200C2FA37 /* GoogleSignIn in Frameworks */,
			);
			runOnlyForDeploymentPostprocessing = 0;
		};
		43CEE79129C2D69500AC7B28 /* Frameworks */ = {
			isa = PBXFrameworksBuildPhase;
			buildActionMask = 2147483647;
			files = (
			);
			runOnlyForDeploymentPostprocessing = 0;
		};
		43DCDBCB29DEAFD700FFE1F9 /* Frameworks */ = {
			isa = PBXFrameworksBuildPhase;
			buildActionMask = 2147483647;
			files = (
			);
			runOnlyForDeploymentPostprocessing = 0;
		};
/* End PBXFrameworksBuildPhase section */

/* Begin PBXGroup section */
		43686F1629F565EB006764EE /* LoginAPI */ = {
			isa = PBXGroup;
			children = (
				43686F1729F56614006764EE /* LoginAPI.swift */,
			);
			path = LoginAPI;
			sourceTree = "<group>";
		};
		4399C5D229D84A9300794E69 /* MyPackNetwork */ = {
			isa = PBXGroup;
			children = (
				4399C5ED29D84ACD00794E69 /* Sources */,
			);
			path = MyPackNetwork;
			sourceTree = "<group>";
		};
		4399C5ED29D84ACD00794E69 /* Sources */ = {
			isa = PBXGroup;
			children = (
				43686F1629F565EB006764EE /* LoginAPI */,
				4399C5F029D84B0400794E69 /* APIClient.swift */,
				4399C5F229D84B1B00794E69 /* APIError.swift */,
				4399C62329D9BCC200794E69 /* UserDto.swift */,
			);
			path = Sources;
			sourceTree = "<group>";
		};
		4399C5F829D8890B00794E69 /* Login */ = {
			isa = PBXGroup;
			children = (
				4399C5F929D8892A00794E69 /* Model */,
				4399C5FB29D8893600794E69 /* View */,
				4399C5FA29D8893000794E69 /* ViewModel */,
				4399C5FC29D8893D00794E69 /* Coordinator */,
				4399C5FD29D8894500794E69 /* Service */,
			);
			path = Login;
			sourceTree = "<group>";
		};
		4399C5F929D8892A00794E69 /* Model */ = {
			isa = PBXGroup;
			children = (
				439E952A29D51EB100F104EF /* UserModel.swift */,
			);
			path = Model;
			sourceTree = "<group>";
		};
		4399C5FA29D8893000794E69 /* ViewModel */ = {
			isa = PBXGroup;
			children = (
				4399C62129D9AE5900794E69 /* LoginViewModel.swift */,
			);
			path = ViewModel;
			sourceTree = "<group>";
		};
		4399C5FB29D8893600794E69 /* View */ = {
			isa = PBXGroup;
			children = (
				4399C5FF29D8898F00794E69 /* UI */,
				4399C5FE29D8898700794E69 /* ViewController */,
			);
			path = View;
			sourceTree = "<group>";
		};
		4399C5FC29D8893D00794E69 /* Coordinator */ = {
			isa = PBXGroup;
			children = (
				4399C61829D8912900794E69 /* Protocol */,
				4399C61729D8911E00794E69 /* Implement */,
			);
			path = Coordinator;
			sourceTree = "<group>";
		};
		4399C5FD29D8894500794E69 /* Service */ = {
			isa = PBXGroup;
			children = (
				4399C60229D889D700794E69 /* Protocol */,
				4399C60329D889DD00794E69 /* Implement */,
			);
			path = Service;
			sourceTree = "<group>";
		};
		4399C5FE29D8898700794E69 /* ViewController */ = {
			isa = PBXGroup;
			children = (
				439E952E29D5275F00F104EF /* LoginViewController.swift */,
			);
			path = ViewController;
			sourceTree = "<group>";
		};
		4399C5FF29D8898F00794E69 /* UI */ = {
			isa = PBXGroup;
			children = (
				2AEF7B0C29E51F9C00CA5A93 /* BoxView.swift */,
				439E953329D52E0400F104EF /* LoginButton.swift */,
				2AEF7B1029E5245700CA5A93 /* ImageView.swift */,
				2AEF7B1729E529F800CA5A93 /* LogoLabel.swift */,
			);
			path = UI;
			sourceTree = "<group>";
		};
		4399C60229D889D700794E69 /* Protocol */ = {
			isa = PBXGroup;
			children = (
				4399C60029D889CD00794E69 /* LoginServiceProtocol.swift */,
			);
			path = Protocol;
			sourceTree = "<group>";
		};
		4399C60329D889DD00794E69 /* Implement */ = {
			isa = PBXGroup;
			children = (
				4399C60429D889F000794E69 /* LoginServiceImpl.swift */,
			);
			path = Implement;
			sourceTree = "<group>";
		};
		4399C60929D88C9E00794E69 /* Main */ = {
			isa = PBXGroup;
			children = (
				4399C60E29D88CC900794E69 /* Model */,
				4399C60D29D88CC200794E69 /* View */,
				4399C60C29D88CBC00794E69 /* ViewModel */,
				4399C60B29D88CB700794E69 /* Coordinator */,
				4399C60A29D88CAB00794E69 /* Service */,
			);
			path = Main;
			sourceTree = "<group>";
		};
		4399C60A29D88CAB00794E69 /* Service */ = {
			isa = PBXGroup;
			children = (
				4399C61229D88D8200794E69 /* Protocol */,
				4399C61129D88D7C00794E69 /* Implement */,
			);
			path = Service;
			sourceTree = "<group>";
		};
		4399C60B29D88CB700794E69 /* Coordinator */ = {
			isa = PBXGroup;
			children = (
				4399C61C29D8917500794E69 /* Protocol */,
				4399C61B29D8916E00794E69 /* Implement */,
			);
			path = Coordinator;
			sourceTree = "<group>";
		};
		4399C60C29D88CBC00794E69 /* ViewModel */ = {
			isa = PBXGroup;
			children = (
				4399C61329D88DD300794E69 /* Enum */,
				2A3CDDF029D3AE4500BCF348 /* FirstViewModel.swift */,
				2A3CDDF229D3AE6C00BCF348 /* SecondViewModel.swift */,
				2A3CDDF429D3AE8900BCF348 /* ThirdViewModel.swift */,
				2A3CDDE929D3AAF600BCF348 /* MainTabBarViewModel.swift */,
			);
			path = ViewModel;
			sourceTree = "<group>";
		};
		4399C60D29D88CC200794E69 /* View */ = {
			isa = PBXGroup;
			children = (
				4399C61029D88CE100794E69 /* UI */,
				4399C60F29D88CDC00794E69 /* ViewController */,
			);
			path = View;
			sourceTree = "<group>";
		};
		4399C60E29D88CC900794E69 /* Model */ = {
			isa = PBXGroup;
			children = (
				2A3CDDED29D3AC6700BCF348 /* MainTabBarModel.swift */,
			);
			path = Model;
			sourceTree = "<group>";
		};
		4399C60F29D88CDC00794E69 /* ViewController */ = {
			isa = PBXGroup;
			children = (
				2A3CDDEB29D3AB7700BCF348 /* MainTabBarViewController.swift */,
				2A3CDDF729D3AFB400BCF348 /* FirstViewController.swift */,
				2A3CDDF929D3B01F00BCF348 /* SecondViewContorller.swift */,
				2A3CDDFB29D3B04F00BCF348 /* ThirdViewController.swift */,
			);
			path = ViewController;
			sourceTree = "<group>";
		};
		4399C61029D88CE100794E69 /* UI */ = {
			isa = PBXGroup;
			children = (
				43DCDBC429DE4A4900FFE1F9 /* Card.swift */,
				431236CB29DEE955003FAB5D /* CardDeck.swift */,
			);
			path = UI;
			sourceTree = "<group>";
		};
		4399C61129D88D7C00794E69 /* Implement */ = {
			isa = PBXGroup;
			children = (
			);
			path = Implement;
			sourceTree = "<group>";
		};
		4399C61229D88D8200794E69 /* Protocol */ = {
			isa = PBXGroup;
			children = (
			);
			path = Protocol;
			sourceTree = "<group>";
		};
		4399C61329D88DD300794E69 /* Enum */ = {
			isa = PBXGroup;
			children = (
				4399C61529D88DF500794E69 /* Tab.swift */,
			);
			path = Enum;
			sourceTree = "<group>";
		};
		4399C61729D8911E00794E69 /* Implement */ = {
			isa = PBXGroup;
			children = (
				439E953D29D568B500F104EF /* LoginCoordinatorImpl.swift */,
			);
			path = Implement;
			sourceTree = "<group>";
		};
		4399C61829D8912900794E69 /* Protocol */ = {
			isa = PBXGroup;
			children = (
				4399C61929D8913E00794E69 /* LoginCoordinatorProtocol.swift */,
			);
			path = Protocol;
			sourceTree = "<group>";
		};
		4399C61B29D8916E00794E69 /* Implement */ = {
			isa = PBXGroup;
			children = (
				4399C61F29D8919A00794E69 /* MainTabCoordinatorImpl.swift */,
			);
			path = Implement;
			sourceTree = "<group>";
		};
		4399C61C29D8917500794E69 /* Protocol */ = {
			isa = PBXGroup;
			children = (
				4399C61D29D8918900794E69 /* MainTabCoordinatorProtocol.swift */,
			);
			path = Protocol;
			sourceTree = "<group>";
		};
		439E951729D5112200F104EF /* Utils */ = {
			isa = PBXGroup;
			children = (
				43DCDBC629DE8A6600FFE1F9 /* UIColor+Extension */,
				439E953A29D5689900F104EF /* Coordinator */,
				439E951829D5112F00F104EF /* EventBus */,
			);
			path = Utils;
			sourceTree = "<group>";
		};
		439E951829D5112F00F104EF /* EventBus */ = {
			isa = PBXGroup;
			children = (
				439E952029D51B6D00F104EF /* EventManager.swift */,
			);
			path = EventBus;
			sourceTree = "<group>";
		};
		439E953A29D5689900F104EF /* Coordinator */ = {
			isa = PBXGroup;
			children = (
				439E953B29D568AA00F104EF /* Coordinator.swift */,
			);
			path = Coordinator;
			sourceTree = "<group>";
		};
		43AC201F29D8393300570927 /* Assets */ = {
			isa = PBXGroup;
			children = (
				43CEE78029C2D69500AC7B28 /* Assets.xcassets */,
			);
			path = Assets;
			sourceTree = "<group>";
		};
		43CEE76B29C2D69500AC7B28 = {
			isa = PBXGroup;
			children = (
				434691B029C2FC950053AF5A /* .swiftformat */,
				434691AD29C2FB840053AF5A /* .swiftlint.yml */,
				43CEE77629C2D69500AC7B28 /* MyPack */,
				4399C5D229D84A9300794E69 /* MyPackNetwork */,
				43DCDBCF29DEAFD800FFE1F9 /* MyPackAnimation */,
				43CEE78D29C2D69500AC7B28 /* MyPackTests */,
				43CEE79729C2D69500AC7B28 /* MyPackUITests */,
				43CEE77529C2D69500AC7B28 /* Products */,
				43F144C129EE77BA00C2FA37 /* Frameworks */,
			);
			sourceTree = "<group>";
		};
		43CEE77529C2D69500AC7B28 /* Products */ = {
			isa = PBXGroup;
			children = (
				43CEE77429C2D69500AC7B28 /* MyPack.app */,
				43CEE78A29C2D69500AC7B28 /* MyPackTests.xctest */,
				43CEE79429C2D69500AC7B28 /* MyPackUITests.xctest */,
				4399C5D129D84A9300794E69 /* MyPackNetwork.framework */,
				43DCDBCE29DEAFD700FFE1F9 /* MyPackAnimation.framework */,
			);
			name = Products;
			sourceTree = "<group>";
		};
		43CEE77629C2D69500AC7B28 /* MyPack */ = {
			isa = PBXGroup;
			children = (
				43CEE77729C2D69500AC7B28 /* AppDelegate.swift */,
				43CEE77929C2D69500AC7B28 /* SceneDelegate.swift */,
				43CEE78529C2D69500AC7B28 /* Info.plist */,
				43AC201F29D8393300570927 /* Assets */,
				4399C60929D88C9E00794E69 /* Main */,
				4399C5F829D8890B00794E69 /* Login */,
				439E951729D5112200F104EF /* Utils */,
			);
			path = MyPack;
			sourceTree = "<group>";
		};
		43CEE78D29C2D69500AC7B28 /* MyPackTests */ = {
			isa = PBXGroup;
			children = (
				43CEE78E29C2D69500AC7B28 /* MyPackTests.swift */,
				4399C5F629D8867500794E69 /* MainTabBarViewModelTests.swift */,
			);
			path = MyPackTests;
			sourceTree = "<group>";
		};
		43CEE79729C2D69500AC7B28 /* MyPackUITests */ = {
			isa = PBXGroup;
			children = (
				43CEE79829C2D69500AC7B28 /* MyPackUITests.swift */,
				43CEE79A29C2D69500AC7B28 /* MyPackUITestsLaunchTests.swift */,
			);
			path = MyPackUITests;
			sourceTree = "<group>";
		};
		43DCDBC629DE8A6600FFE1F9 /* UIColor+Extension */ = {
			isa = PBXGroup;
			children = (
				43DCDBC729DE8A8400FFE1F9 /* UIColor+Extension.swift */,
			);
			path = "UIColor+Extension";
			sourceTree = "<group>";
		};
		43DCDBCF29DEAFD800FFE1F9 /* MyPackAnimation */ = {
			isa = PBXGroup;
			children = (
				43DCDBD929DEAFE800FFE1F9 /* Sources */,
			);
			path = MyPackAnimation;
			sourceTree = "<group>";
		};
		43DCDBD929DEAFE800FFE1F9 /* Sources */ = {
			isa = PBXGroup;
			children = (
				43DCDBDA29DEB06B00FFE1F9 /* CardAnimator.swift */,
			);
			path = Sources;
			sourceTree = "<group>";
		};
		43F144C129EE77BA00C2FA37 /* Frameworks */ = {
			isa = PBXGroup;
			children = (
			);
			name = Frameworks;
			sourceTree = "<group>";
		};
/* End PBXGroup section */

/* Begin PBXHeadersBuildPhase section */
		4399C5CC29D84A9200794E69 /* Headers */ = {
			isa = PBXHeadersBuildPhase;
			buildActionMask = 2147483647;
			files = (
			);
			runOnlyForDeploymentPostprocessing = 0;
		};
		43DCDBC929DEAFD700FFE1F9 /* Headers */ = {
			isa = PBXHeadersBuildPhase;
			buildActionMask = 2147483647;
			files = (
			);
			runOnlyForDeploymentPostprocessing = 0;
		};
/* End PBXHeadersBuildPhase section */

/* Begin PBXNativeTarget section */
		4399C5D029D84A9200794E69 /* MyPackNetwork */ = {
			isa = PBXNativeTarget;
			buildConfigurationList = 4399C5EB29D84A9400794E69 /* Build configuration list for PBXNativeTarget "MyPackNetwork" */;
			buildPhases = (
				4399C5CC29D84A9200794E69 /* Headers */,
				4399C5CD29D84A9200794E69 /* Sources */,
				4399C5CE29D84A9200794E69 /* Frameworks */,
				4399C5CF29D84A9200794E69 /* Resources */,
			);
			buildRules = (
			);
			dependencies = (
			);
			name = MyPackNetwork;
			packageProductDependencies = (
				43F144C229EE77BA00C2FA37 /* GoogleSignIn */,
			);
			productName = MyPackNetwork;
			productReference = 4399C5D129D84A9300794E69 /* MyPackNetwork.framework */;
			productType = "com.apple.product-type.framework";
		};
		43CEE77329C2D69500AC7B28 /* MyPack */ = {
			isa = PBXNativeTarget;
			buildConfigurationList = 43CEE79E29C2D69500AC7B28 /* Build configuration list for PBXNativeTarget "MyPack" */;
			buildPhases = (
				43CEE77029C2D69500AC7B28 /* Sources */,
				43CEE77129C2D69500AC7B28 /* Frameworks */,
				43CEE77229C2D69500AC7B28 /* Resources */,
				434691AC29C2FB4A0053AF5A /* ShellScript */,
				434691AF29C2FC780053AF5A /* ShellScript */,
				4399C5E629D84A9300794E69 /* Embed Frameworks */,
			);
			buildRules = (
			);
			dependencies = (
				432BFF3429C9A8C6000AF069 /* PBXTargetDependency */,
				4399C5E329D84A9300794E69 /* PBXTargetDependency */,
				43DCDBD329DEAFD800FFE1F9 /* PBXTargetDependency */,
			);
			name = MyPack;
			packageProductDependencies = (
				4306BB5229C9A00900C2971E /* SnapKit */,
			);
			productName = MyPack;
			productReference = 43CEE77429C2D69500AC7B28 /* MyPack.app */;
			productType = "com.apple.product-type.application";
		};
		43CEE78929C2D69500AC7B28 /* MyPackTests */ = {
			isa = PBXNativeTarget;
			buildConfigurationList = 43CEE7A129C2D69500AC7B28 /* Build configuration list for PBXNativeTarget "MyPackTests" */;
			buildPhases = (
				43CEE78629C2D69500AC7B28 /* Sources */,
				43CEE78729C2D69500AC7B28 /* Frameworks */,
				43CEE78829C2D69500AC7B28 /* Resources */,
			);
			buildRules = (
			);
			dependencies = (
				43CEE78C29C2D69500AC7B28 /* PBXTargetDependency */,
			);
			name = MyPackTests;
			packageProductDependencies = (
				43F144C829EE83E200C2FA37 /* GoogleSignIn */,
			);
			productName = MyPackTests;
			productReference = 43CEE78A29C2D69500AC7B28 /* MyPackTests.xctest */;
			productType = "com.apple.product-type.bundle.unit-test";
		};
		43CEE79329C2D69500AC7B28 /* MyPackUITests */ = {
			isa = PBXNativeTarget;
			buildConfigurationList = 43CEE7A429C2D69500AC7B28 /* Build configuration list for PBXNativeTarget "MyPackUITests" */;
			buildPhases = (
				43CEE79029C2D69500AC7B28 /* Sources */,
				43CEE79129C2D69500AC7B28 /* Frameworks */,
				43CEE79229C2D69500AC7B28 /* Resources */,
			);
			buildRules = (
			);
			dependencies = (
				43CEE79629C2D69500AC7B28 /* PBXTargetDependency */,
			);
			name = MyPackUITests;
			productName = MyPackUITests;
			productReference = 43CEE79429C2D69500AC7B28 /* MyPackUITests.xctest */;
			productType = "com.apple.product-type.bundle.ui-testing";
		};
		43DCDBCD29DEAFD700FFE1F9 /* MyPackAnimation */ = {
			isa = PBXNativeTarget;
			buildConfigurationList = 43DCDBD629DEAFD800FFE1F9 /* Build configuration list for PBXNativeTarget "MyPackAnimation" */;
			buildPhases = (
				43DCDBC929DEAFD700FFE1F9 /* Headers */,
				43DCDBCA29DEAFD700FFE1F9 /* Sources */,
				43DCDBCB29DEAFD700FFE1F9 /* Frameworks */,
				43DCDBCC29DEAFD700FFE1F9 /* Resources */,
			);
			buildRules = (
			);
			dependencies = (
			);
			name = MyPackAnimation;
			productName = MyPackAnimation;
			productReference = 43DCDBCE29DEAFD700FFE1F9 /* MyPackAnimation.framework */;
			productType = "com.apple.product-type.framework";
		};
/* End PBXNativeTarget section */

/* Begin PBXProject section */
		43CEE76C29C2D69500AC7B28 /* Project object */ = {
			isa = PBXProject;
			attributes = {
				BuildIndependentTargetsInParallel = 1;
				LastSwiftUpdateCheck = 1420;
				LastUpgradeCheck = 1420;
				TargetAttributes = {
					4399C5D029D84A9200794E69 = {
						CreatedOnToolsVersion = 14.2;
						LastSwiftMigration = 1420;
					};
					43CEE77329C2D69500AC7B28 = {
						CreatedOnToolsVersion = 14.2;
					};
					43CEE78929C2D69500AC7B28 = {
						CreatedOnToolsVersion = 14.2;
						TestTargetID = 43CEE77329C2D69500AC7B28;
					};
					43CEE79329C2D69500AC7B28 = {
						CreatedOnToolsVersion = 14.2;
						TestTargetID = 43CEE77329C2D69500AC7B28;
					};
					43DCDBCD29DEAFD700FFE1F9 = {
						CreatedOnToolsVersion = 14.2;
						LastSwiftMigration = 1420;
					};
				};
			};
			buildConfigurationList = 43CEE76F29C2D69500AC7B28 /* Build configuration list for PBXProject "MyPack" */;
			compatibilityVersion = "Xcode 14.0";
			developmentRegion = en;
			hasScannedForEncodings = 0;
			knownRegions = (
				en,
				Base,
			);
			mainGroup = 43CEE76B29C2D69500AC7B28;
			packageReferences = (
				4306BB5129C9A00900C2971E /* XCRemoteSwiftPackageReference "SnapKit" */,
				43F144BE29EE778000C2FA37 /* XCRemoteSwiftPackageReference "GoogleSignIn-iOS" */,
			);
			productRefGroup = 43CEE77529C2D69500AC7B28 /* Products */;
			projectDirPath = "";
			projectRoot = "";
			targets = (
				43CEE77329C2D69500AC7B28 /* MyPack */,
				43CEE78929C2D69500AC7B28 /* MyPackTests */,
				43CEE79329C2D69500AC7B28 /* MyPackUITests */,
				4399C5D029D84A9200794E69 /* MyPackNetwork */,
				43DCDBCD29DEAFD700FFE1F9 /* MyPackAnimation */,
			);
		};
/* End PBXProject section */

/* Begin PBXResourcesBuildPhase section */
		4399C5CF29D84A9200794E69 /* Resources */ = {
			isa = PBXResourcesBuildPhase;
			buildActionMask = 2147483647;
			files = (
			);
			runOnlyForDeploymentPostprocessing = 0;
		};
		43CEE77229C2D69500AC7B28 /* Resources */ = {
			isa = PBXResourcesBuildPhase;
			buildActionMask = 2147483647;
			files = (
				434691B129C2FC950053AF5A /* .swiftformat in Resources */,
				434691AE29C2FB840053AF5A /* .swiftlint.yml in Resources */,
				43CEE78129C2D69500AC7B28 /* Assets.xcassets in Resources */,
			);
			runOnlyForDeploymentPostprocessing = 0;
		};
		43CEE78829C2D69500AC7B28 /* Resources */ = {
			isa = PBXResourcesBuildPhase;
			buildActionMask = 2147483647;
			files = (
			);
			runOnlyForDeploymentPostprocessing = 0;
		};
		43CEE79229C2D69500AC7B28 /* Resources */ = {
			isa = PBXResourcesBuildPhase;
			buildActionMask = 2147483647;
			files = (
			);
			runOnlyForDeploymentPostprocessing = 0;
		};
		43DCDBCC29DEAFD700FFE1F9 /* Resources */ = {
			isa = PBXResourcesBuildPhase;
			buildActionMask = 2147483647;
			files = (
			);
			runOnlyForDeploymentPostprocessing = 0;
		};
/* End PBXResourcesBuildPhase section */

/* Begin PBXShellScriptBuildPhase section */
		434691AC29C2FB4A0053AF5A /* ShellScript */ = {
			isa = PBXShellScriptBuildPhase;
			alwaysOutOfDate = 1;
			buildActionMask = 2147483647;
			files = (
			);
			inputFileListPaths = (
			);
			inputPaths = (
			);
			outputFileListPaths = (
			);
			outputPaths = (
			);
			runOnlyForDeploymentPostprocessing = 0;
			shellPath = /bin/sh;
			shellScript = "# Type a script or drag a script file from your workspace to insert its path.\nif test -d \"/opt/homebrew/bin/\"; then\n  PATH=\"/opt/homebrew/bin/:${PATH}\"\nfi\n\nexport PATH\n\nif which swiftlint >/dev/null; then\n  swiftlint .\nelse\n  echo \"warning: SwiftLint not installed, download from https://github.com/realm/SwiftLint\"\nfi\n";
		};
		434691AF29C2FC780053AF5A /* ShellScript */ = {
			isa = PBXShellScriptBuildPhase;
			alwaysOutOfDate = 1;
			buildActionMask = 2147483647;
			files = (
			);
			inputFileListPaths = (
			);
			inputPaths = (
			);
			outputFileListPaths = (
			);
			outputPaths = (
			);
			runOnlyForDeploymentPostprocessing = 0;
			shellPath = /bin/sh;
			shellScript = "# Type a script or drag a script file from your workspace to insert its path.\nif test -d \"/opt/homebrew/bin/\"; then\n  PATH=\"/opt/homebrew/bin/:${PATH}\"\nfi\n\nexport PATH\n\nif which swiftformat >/dev/null; then\n  swiftformat .\nelse\n  echo \"warning: SwiftFormat not installed, download from https://github.com/nicklockwood/SwiftFormat\"\nfi\n";
		};
/* End PBXShellScriptBuildPhase section */

/* Begin PBXSourcesBuildPhase section */
		4399C5CD29D84A9200794E69 /* Sources */ = {
			isa = PBXSourcesBuildPhase;
			buildActionMask = 2147483647;
			files = (
				43686F1829F56614006764EE /* LoginAPI.swift in Sources */,
				4399C5F129D84B0400794E69 /* APIClient.swift in Sources */,
				4399C5F329D84B1B00794E69 /* APIError.swift in Sources */,
				4399C62429D9BCC200794E69 /* UserDto.swift in Sources */,
			);
			runOnlyForDeploymentPostprocessing = 0;
		};
		43CEE77029C2D69500AC7B28 /* Sources */ = {
			isa = PBXSourcesBuildPhase;
			buildActionMask = 2147483647;
			files = (
				439E953429D52E0400F104EF /* LoginButton.swift in Sources */,
				2AEF7B1129E5245700CA5A93 /* ImageView.swift in Sources */,
				2A3CDDF329D3AE6C00BCF348 /* SecondViewModel.swift in Sources */,
				43DCDBC529DE4A4900FFE1F9 /* Card.swift in Sources */,
				431236CC29DEE955003FAB5D /* CardDeck.swift in Sources */,
				2A3CDDEE29D3AC6700BCF348 /* MainTabBarModel.swift in Sources */,
				2A3CDDF529D3AE8900BCF348 /* ThirdViewModel.swift in Sources */,
				4399C61A29D8913E00794E69 /* LoginCoordinatorProtocol.swift in Sources */,
				4399C60529D889F000794E69 /* LoginServiceImpl.swift in Sources */,
				4399C61629D88DF500794E69 /* Tab.swift in Sources */,
				2A3CDDEA29D3AAF600BCF348 /* MainTabBarViewModel.swift in Sources */,
				2A3CDDF829D3AFB400BCF348 /* FirstViewController.swift in Sources */,
				2AEF7B1829E529F800CA5A93 /* LogoLabel.swift in Sources */,
				43CEE77829C2D69500AC7B28 /* AppDelegate.swift in Sources */,
				439E953E29D568B500F104EF /* LoginCoordinatorImpl.swift in Sources */,
				439E952129D51B6D00F104EF /* EventManager.swift in Sources */,
				2A3CDDF129D3AE4500BCF348 /* FirstViewModel.swift in Sources */,
				4399C62229D9AE5900794E69 /* LoginViewModel.swift in Sources */,
				439E952B29D51EB100F104EF /* UserModel.swift in Sources */,
				2AEF7B0D29E51F9C00CA5A93 /* BoxView.swift in Sources */,
				439E953C29D568AA00F104EF /* Coordinator.swift in Sources */,
				43CEE77A29C2D69500AC7B28 /* SceneDelegate.swift in Sources */,
				439E952F29D5275F00F104EF /* LoginViewController.swift in Sources */,
				4399C61E29D8918900794E69 /* MainTabCoordinatorProtocol.swift in Sources */,
				2A3CDDEC29D3AB7700BCF348 /* MainTabBarViewController.swift in Sources */,
				4399C60129D889CD00794E69 /* LoginServiceProtocol.swift in Sources */,
				2A3CDDFC29D3B04F00BCF348 /* ThirdViewController.swift in Sources */,
				43DCDBC829DE8A8400FFE1F9 /* UIColor+Extension.swift in Sources */,
				2A3CDDFA29D3B01F00BCF348 /* SecondViewContorller.swift in Sources */,
				4399C62029D8919A00794E69 /* MainTabCoordinatorImpl.swift in Sources */,
			);
			runOnlyForDeploymentPostprocessing = 0;
		};
		43CEE78629C2D69500AC7B28 /* Sources */ = {
			isa = PBXSourcesBuildPhase;
			buildActionMask = 2147483647;
			files = (
				43CEE78F29C2D69500AC7B28 /* MyPackTests.swift in Sources */,
				4399C5F729D8867500794E69 /* MainTabBarViewModelTests.swift in Sources */,
			);
			runOnlyForDeploymentPostprocessing = 0;
		};
		43CEE79029C2D69500AC7B28 /* Sources */ = {
			isa = PBXSourcesBuildPhase;
			buildActionMask = 2147483647;
			files = (
				43CEE79929C2D69500AC7B28 /* MyPackUITests.swift in Sources */,
				43CEE79B29C2D69500AC7B28 /* MyPackUITestsLaunchTests.swift in Sources */,
			);
			runOnlyForDeploymentPostprocessing = 0;
		};
		43DCDBCA29DEAFD700FFE1F9 /* Sources */ = {
			isa = PBXSourcesBuildPhase;
			buildActionMask = 2147483647;
			files = (
				43DCDBDB29DEB06B00FFE1F9 /* CardAnimator.swift in Sources */,
			);
			runOnlyForDeploymentPostprocessing = 0;
		};
/* End PBXSourcesBuildPhase section */

/* Begin PBXTargetDependency section */
		432BFF3429C9A8C6000AF069 /* PBXTargetDependency */ = {
			isa = PBXTargetDependency;
			productRef = 432BFF3329C9A8C6000AF069 /* SnapKit */;
		};
		4399C5E329D84A9300794E69 /* PBXTargetDependency */ = {
			isa = PBXTargetDependency;
			target = 4399C5D029D84A9200794E69 /* MyPackNetwork */;
			targetProxy = 4399C5E229D84A9300794E69 /* PBXContainerItemProxy */;
		};
		43CEE78C29C2D69500AC7B28 /* PBXTargetDependency */ = {
			isa = PBXTargetDependency;
			target = 43CEE77329C2D69500AC7B28 /* MyPack */;
			targetProxy = 43CEE78B29C2D69500AC7B28 /* PBXContainerItemProxy */;
		};
		43CEE79629C2D69500AC7B28 /* PBXTargetDependency */ = {
			isa = PBXTargetDependency;
			target = 43CEE77329C2D69500AC7B28 /* MyPack */;
			targetProxy = 43CEE79529C2D69500AC7B28 /* PBXContainerItemProxy */;
		};
		43DCDBD329DEAFD800FFE1F9 /* PBXTargetDependency */ = {
			isa = PBXTargetDependency;
			target = 43DCDBCD29DEAFD700FFE1F9 /* MyPackAnimation */;
			targetProxy = 43DCDBD229DEAFD800FFE1F9 /* PBXContainerItemProxy */;
		};
/* End PBXTargetDependency section */

/* Begin XCBuildConfiguration section */
		4399C5E729D84A9300794E69 /* Debug */ = {
			isa = XCBuildConfiguration;
			buildSettings = {
				CLANG_ENABLE_MODULES = YES;
				CODE_SIGN_IDENTITY = "Apple Development";
				"CODE_SIGN_IDENTITY[sdk=iphoneos*]" = "iPhone Developer";
				CODE_SIGN_STYLE = Automatic;
				CURRENT_PROJECT_VERSION = 1;
				DEFINES_MODULE = YES;
				DEVELOPMENT_TEAM = "";
				DYLIB_COMPATIBILITY_VERSION = 1;
				DYLIB_CURRENT_VERSION = 1;
				DYLIB_INSTALL_NAME_BASE = "@rpath";
				GENERATE_INFOPLIST_FILE = YES;
				INFOPLIST_KEY_NSHumanReadableCopyright = "";
				INSTALL_PATH = "$(LOCAL_LIBRARY_DIR)/Frameworks";
				LD_RUNPATH_SEARCH_PATHS = (
					"$(inherited)",
					"@executable_path/Frameworks",
					"@loader_path/Frameworks",
				);
				MARKETING_VERSION = 1.0;
				PRODUCT_BUNDLE_IDENTIFIER = gdsc.MyPackNetwork;
				PRODUCT_NAME = "$(TARGET_NAME:c99extidentifier)";
				SKIP_INSTALL = YES;
				SWIFT_EMIT_LOC_STRINGS = YES;
				SWIFT_OPTIMIZATION_LEVEL = "-Onone";
				SWIFT_VERSION = 5.0;
				TARGETED_DEVICE_FAMILY = "1,2";
				VERSIONING_SYSTEM = "apple-generic";
				VERSION_INFO_PREFIX = "";
			};
			name = Debug;
		};
		4399C5E829D84A9300794E69 /* Release */ = {
			isa = XCBuildConfiguration;
			buildSettings = {
				CLANG_ENABLE_MODULES = YES;
				CODE_SIGN_IDENTITY = "Apple Development";
				"CODE_SIGN_IDENTITY[sdk=iphoneos*]" = "iPhone Developer";
				CODE_SIGN_STYLE = Automatic;
				CURRENT_PROJECT_VERSION = 1;
				DEFINES_MODULE = YES;
				DEVELOPMENT_TEAM = "";
				DYLIB_COMPATIBILITY_VERSION = 1;
				DYLIB_CURRENT_VERSION = 1;
				DYLIB_INSTALL_NAME_BASE = "@rpath";
				GENERATE_INFOPLIST_FILE = YES;
				INFOPLIST_KEY_NSHumanReadableCopyright = "";
				INSTALL_PATH = "$(LOCAL_LIBRARY_DIR)/Frameworks";
				LD_RUNPATH_SEARCH_PATHS = (
					"$(inherited)",
					"@executable_path/Frameworks",
					"@loader_path/Frameworks",
				);
				MARKETING_VERSION = 1.0;
				PRODUCT_BUNDLE_IDENTIFIER = gdsc.MyPackNetwork;
				PRODUCT_NAME = "$(TARGET_NAME:c99extidentifier)";
				SKIP_INSTALL = YES;
				SWIFT_EMIT_LOC_STRINGS = YES;
				SWIFT_VERSION = 5.0;
				TARGETED_DEVICE_FAMILY = "1,2";
				VERSIONING_SYSTEM = "apple-generic";
				VERSION_INFO_PREFIX = "";
			};
			name = Release;
		};
		43CEE79C29C2D69500AC7B28 /* Debug */ = {
			isa = XCBuildConfiguration;
			buildSettings = {
				ALWAYS_SEARCH_USER_PATHS = NO;
				CLANG_ANALYZER_NONNULL = YES;
				CLANG_ANALYZER_NUMBER_OBJECT_CONVERSION = YES_AGGRESSIVE;
				CLANG_CXX_LANGUAGE_STANDARD = "gnu++20";
				CLANG_ENABLE_MODULES = YES;
				CLANG_ENABLE_OBJC_ARC = YES;
				CLANG_ENABLE_OBJC_WEAK = YES;
				CLANG_WARN_BLOCK_CAPTURE_AUTORELEASING = YES;
				CLANG_WARN_BOOL_CONVERSION = YES;
				CLANG_WARN_COMMA = YES;
				CLANG_WARN_CONSTANT_CONVERSION = YES;
				CLANG_WARN_DEPRECATED_OBJC_IMPLEMENTATIONS = YES;
				CLANG_WARN_DIRECT_OBJC_ISA_USAGE = YES_ERROR;
				CLANG_WARN_DOCUMENTATION_COMMENTS = YES;
				CLANG_WARN_EMPTY_BODY = YES;
				CLANG_WARN_ENUM_CONVERSION = YES;
				CLANG_WARN_INFINITE_RECURSION = YES;
				CLANG_WARN_INT_CONVERSION = YES;
				CLANG_WARN_NON_LITERAL_NULL_CONVERSION = YES;
				CLANG_WARN_OBJC_IMPLICIT_RETAIN_SELF = YES;
				CLANG_WARN_OBJC_LITERAL_CONVERSION = YES;
				CLANG_WARN_OBJC_ROOT_CLASS = YES_ERROR;
				CLANG_WARN_QUOTED_INCLUDE_IN_FRAMEWORK_HEADER = YES;
				CLANG_WARN_RANGE_LOOP_ANALYSIS = YES;
				CLANG_WARN_STRICT_PROTOTYPES = YES;
				CLANG_WARN_SUSPICIOUS_MOVE = YES;
				CLANG_WARN_UNGUARDED_AVAILABILITY = YES_AGGRESSIVE;
				CLANG_WARN_UNREACHABLE_CODE = YES;
				CLANG_WARN__DUPLICATE_METHOD_MATCH = YES;
				COPY_PHASE_STRIP = NO;
				DEBUG_INFORMATION_FORMAT = dwarf;
				ENABLE_STRICT_OBJC_MSGSEND = YES;
				ENABLE_TESTABILITY = YES;
				GCC_C_LANGUAGE_STANDARD = gnu11;
				GCC_DYNAMIC_NO_PIC = NO;
				GCC_NO_COMMON_BLOCKS = YES;
				GCC_OPTIMIZATION_LEVEL = 0;
				GCC_PREPROCESSOR_DEFINITIONS = (
					"DEBUG=1",
					"$(inherited)",
				);
				GCC_WARN_64_TO_32_BIT_CONVERSION = YES;
				GCC_WARN_ABOUT_RETURN_TYPE = YES_ERROR;
				GCC_WARN_UNDECLARED_SELECTOR = YES;
				GCC_WARN_UNINITIALIZED_AUTOS = YES_AGGRESSIVE;
				GCC_WARN_UNUSED_FUNCTION = YES;
				GCC_WARN_UNUSED_VARIABLE = YES;
				IPHONEOS_DEPLOYMENT_TARGET = 16.2;
				MTL_ENABLE_DEBUG_INFO = INCLUDE_SOURCE;
				MTL_FAST_MATH = YES;
				ONLY_ACTIVE_ARCH = YES;
				SDKROOT = iphoneos;
				SWIFT_ACTIVE_COMPILATION_CONDITIONS = DEBUG;
				SWIFT_OPTIMIZATION_LEVEL = "-Onone";
			};
			name = Debug;
		};
		43CEE79D29C2D69500AC7B28 /* Release */ = {
			isa = XCBuildConfiguration;
			buildSettings = {
				ALWAYS_SEARCH_USER_PATHS = NO;
				CLANG_ANALYZER_NONNULL = YES;
				CLANG_ANALYZER_NUMBER_OBJECT_CONVERSION = YES_AGGRESSIVE;
				CLANG_CXX_LANGUAGE_STANDARD = "gnu++20";
				CLANG_ENABLE_MODULES = YES;
				CLANG_ENABLE_OBJC_ARC = YES;
				CLANG_ENABLE_OBJC_WEAK = YES;
				CLANG_WARN_BLOCK_CAPTURE_AUTORELEASING = YES;
				CLANG_WARN_BOOL_CONVERSION = YES;
				CLANG_WARN_COMMA = YES;
				CLANG_WARN_CONSTANT_CONVERSION = YES;
				CLANG_WARN_DEPRECATED_OBJC_IMPLEMENTATIONS = YES;
				CLANG_WARN_DIRECT_OBJC_ISA_USAGE = YES_ERROR;
				CLANG_WARN_DOCUMENTATION_COMMENTS = YES;
				CLANG_WARN_EMPTY_BODY = YES;
				CLANG_WARN_ENUM_CONVERSION = YES;
				CLANG_WARN_INFINITE_RECURSION = YES;
				CLANG_WARN_INT_CONVERSION = YES;
				CLANG_WARN_NON_LITERAL_NULL_CONVERSION = YES;
				CLANG_WARN_OBJC_IMPLICIT_RETAIN_SELF = YES;
				CLANG_WARN_OBJC_LITERAL_CONVERSION = YES;
				CLANG_WARN_OBJC_ROOT_CLASS = YES_ERROR;
				CLANG_WARN_QUOTED_INCLUDE_IN_FRAMEWORK_HEADER = YES;
				CLANG_WARN_RANGE_LOOP_ANALYSIS = YES;
				CLANG_WARN_STRICT_PROTOTYPES = YES;
				CLANG_WARN_SUSPICIOUS_MOVE = YES;
				CLANG_WARN_UNGUARDED_AVAILABILITY = YES_AGGRESSIVE;
				CLANG_WARN_UNREACHABLE_CODE = YES;
				CLANG_WARN__DUPLICATE_METHOD_MATCH = YES;
				COPY_PHASE_STRIP = NO;
				DEBUG_INFORMATION_FORMAT = "dwarf-with-dsym";
				ENABLE_NS_ASSERTIONS = NO;
				ENABLE_STRICT_OBJC_MSGSEND = YES;
				GCC_C_LANGUAGE_STANDARD = gnu11;
				GCC_NO_COMMON_BLOCKS = YES;
				GCC_WARN_64_TO_32_BIT_CONVERSION = YES;
				GCC_WARN_ABOUT_RETURN_TYPE = YES_ERROR;
				GCC_WARN_UNDECLARED_SELECTOR = YES;
				GCC_WARN_UNINITIALIZED_AUTOS = YES_AGGRESSIVE;
				GCC_WARN_UNUSED_FUNCTION = YES;
				GCC_WARN_UNUSED_VARIABLE = YES;
				IPHONEOS_DEPLOYMENT_TARGET = 16.2;
				MTL_ENABLE_DEBUG_INFO = NO;
				MTL_FAST_MATH = YES;
				SDKROOT = iphoneos;
				SWIFT_COMPILATION_MODE = wholemodule;
				SWIFT_OPTIMIZATION_LEVEL = "-O";
				VALIDATE_PRODUCT = YES;
			};
			name = Release;
		};
		43CEE79F29C2D69500AC7B28 /* Debug */ = {
			isa = XCBuildConfiguration;
			buildSettings = {
				ALWAYS_EMBED_SWIFT_STANDARD_LIBRARIES = YES;
				ASSETCATALOG_COMPILER_APPICON_NAME = AppIcon;
				ASSETCATALOG_COMPILER_GLOBAL_ACCENT_COLOR_NAME = AccentColor;
				CODE_SIGN_IDENTITY = "Apple Development";
				"CODE_SIGN_IDENTITY[sdk=iphoneos*]" = "iPhone Developer";
				CODE_SIGN_STYLE = Manual;
				CURRENT_PROJECT_VERSION = 13;
				DEVELOPMENT_TEAM = "";
				"DEVELOPMENT_TEAM[sdk=iphoneos*]" = X843D4L2C2;
				GENERATE_INFOPLIST_FILE = YES;
				INFOPLIST_FILE = MyPack/Info.plist;
				INFOPLIST_KEY_CFBundleDisplayName = MyPack;
				INFOPLIST_KEY_LSApplicationCategoryType = "public.app-category.lifestyle";
				INFOPLIST_KEY_UIApplicationSupportsIndirectInputEvents = YES;
				INFOPLIST_KEY_UILaunchStoryboardName = LaunchScreen;
				INFOPLIST_KEY_UIStatusBarStyle = "";
				INFOPLIST_KEY_UISupportedInterfaceOrientations_iPad = "UIInterfaceOrientationPortrait UIInterfaceOrientationPortraitUpsideDown UIInterfaceOrientationLandscapeLeft UIInterfaceOrientationLandscapeRight";
				INFOPLIST_KEY_UISupportedInterfaceOrientations_iPhone = "UIInterfaceOrientationPortrait UIInterfaceOrientationLandscapeLeft UIInterfaceOrientationLandscapeRight";
				IPHONEOS_DEPLOYMENT_TARGET = 16.2;
				LD_RUNPATH_SEARCH_PATHS = (
					"$(inherited)",
					"@executable_path/Frameworks",
				);
				MARKETING_VERSION = 1.0;
				PRODUCT_BUNDLE_IDENTIFIER = gdsc.MyPack;
				PRODUCT_NAME = "$(TARGET_NAME)";
				PROVISIONING_PROFILE_SPECIFIER = "";
				"PROVISIONING_PROFILE_SPECIFIER[sdk=iphoneos*]" = MyPackTeamProfile;
				SWIFT_EMIT_LOC_STRINGS = YES;
				SWIFT_VERSION = 5.0;
				TARGETED_DEVICE_FAMILY = 1;
			};
			name = Debug;
		};
		43CEE7A029C2D69500AC7B28 /* Release */ = {
			isa = XCBuildConfiguration;
			buildSettings = {
				ALWAYS_EMBED_SWIFT_STANDARD_LIBRARIES = YES;
				ASSETCATALOG_COMPILER_APPICON_NAME = AppIcon;
				ASSETCATALOG_COMPILER_GLOBAL_ACCENT_COLOR_NAME = AccentColor;
				CODE_SIGN_IDENTITY = "Apple Development";
				"CODE_SIGN_IDENTITY[sdk=iphoneos*]" = "iPhone Developer";
				CODE_SIGN_STYLE = Manual;
				CURRENT_PROJECT_VERSION = 13;
				DEVELOPMENT_TEAM = "";
				"DEVELOPMENT_TEAM[sdk=iphoneos*]" = X843D4L2C2;
				GENERATE_INFOPLIST_FILE = YES;
				INFOPLIST_FILE = MyPack/Info.plist;
				INFOPLIST_KEY_CFBundleDisplayName = MyPack;
				INFOPLIST_KEY_LSApplicationCategoryType = "public.app-category.lifestyle";
				INFOPLIST_KEY_UIApplicationSupportsIndirectInputEvents = YES;
				INFOPLIST_KEY_UILaunchStoryboardName = LaunchScreen;
				INFOPLIST_KEY_UIStatusBarStyle = "";
				INFOPLIST_KEY_UISupportedInterfaceOrientations_iPad = "UIInterfaceOrientationPortrait UIInterfaceOrientationPortraitUpsideDown UIInterfaceOrientationLandscapeLeft UIInterfaceOrientationLandscapeRight";
				INFOPLIST_KEY_UISupportedInterfaceOrientations_iPhone = "UIInterfaceOrientationPortrait UIInterfaceOrientationLandscapeLeft UIInterfaceOrientationLandscapeRight";
				IPHONEOS_DEPLOYMENT_TARGET = 16.2;
				LD_RUNPATH_SEARCH_PATHS = (
					"$(inherited)",
					"@executable_path/Frameworks",
				);
				MARKETING_VERSION = 1.0;
				PRODUCT_BUNDLE_IDENTIFIER = gdsc.MyPack;
				PRODUCT_NAME = "$(TARGET_NAME)";
				PROVISIONING_PROFILE_SPECIFIER = "";
				"PROVISIONING_PROFILE_SPECIFIER[sdk=iphoneos*]" = MyPackTeamProfile;
				SWIFT_EMIT_LOC_STRINGS = YES;
				SWIFT_VERSION = 5.0;
				TARGETED_DEVICE_FAMILY = 1;
			};
			name = Release;
		};
		43CEE7A229C2D69500AC7B28 /* Debug */ = {
			isa = XCBuildConfiguration;
			buildSettings = {
				ALWAYS_EMBED_SWIFT_STANDARD_LIBRARIES = YES;
				BUNDLE_LOADER = "$(TEST_HOST)";
				CODE_SIGN_STYLE = Automatic;
				CURRENT_PROJECT_VERSION = 12;
				DEVELOPMENT_TEAM = X843D4L2C2;
				GENERATE_INFOPLIST_FILE = YES;
				IPHONEOS_DEPLOYMENT_TARGET = 16.2;
				MARKETING_VERSION = 1.0;
				PRODUCT_BUNDLE_IDENTIFIER = gdsc.MyPackTests;
				PRODUCT_NAME = "$(TARGET_NAME)";
				SWIFT_EMIT_LOC_STRINGS = NO;
				SWIFT_VERSION = 5.0;
				TARGETED_DEVICE_FAMILY = 1;
				TEST_HOST = "$(BUILT_PRODUCTS_DIR)/MyPack.app/$(BUNDLE_EXECUTABLE_FOLDER_PATH)/MyPack";
			};
			name = Debug;
		};
		43CEE7A329C2D69500AC7B28 /* Release */ = {
			isa = XCBuildConfiguration;
			buildSettings = {
				ALWAYS_EMBED_SWIFT_STANDARD_LIBRARIES = YES;
				BUNDLE_LOADER = "$(TEST_HOST)";
				CODE_SIGN_STYLE = Automatic;
				CURRENT_PROJECT_VERSION = 12;
				DEVELOPMENT_TEAM = X843D4L2C2;
				GENERATE_INFOPLIST_FILE = YES;
				IPHONEOS_DEPLOYMENT_TARGET = 16.2;
				MARKETING_VERSION = 1.0;
				PRODUCT_BUNDLE_IDENTIFIER = gdsc.MyPackTests;
				PRODUCT_NAME = "$(TARGET_NAME)";
				SWIFT_EMIT_LOC_STRINGS = NO;
				SWIFT_VERSION = 5.0;
				TARGETED_DEVICE_FAMILY = 1;
				TEST_HOST = "$(BUILT_PRODUCTS_DIR)/MyPack.app/$(BUNDLE_EXECUTABLE_FOLDER_PATH)/MyPack";
			};
			name = Release;
		};
		43CEE7A529C2D69500AC7B28 /* Debug */ = {
			isa = XCBuildConfiguration;
			buildSettings = {
				ALWAYS_EMBED_SWIFT_STANDARD_LIBRARIES = YES;
				CODE_SIGN_STYLE = Automatic;
				CURRENT_PROJECT_VERSION = 12;
				DEVELOPMENT_TEAM = X843D4L2C2;
				GENERATE_INFOPLIST_FILE = YES;
				IPHONEOS_DEPLOYMENT_TARGET = 16.2;
				MARKETING_VERSION = 1.0;
				PRODUCT_BUNDLE_IDENTIFIER = gdsc.MyPackUITests;
				PRODUCT_NAME = "$(TARGET_NAME)";
				SWIFT_EMIT_LOC_STRINGS = NO;
				SWIFT_VERSION = 5.0;
				TARGETED_DEVICE_FAMILY = 1;
				TEST_TARGET_NAME = MyPack;
			};
			name = Debug;
		};
		43CEE7A629C2D69500AC7B28 /* Release */ = {
			isa = XCBuildConfiguration;
			buildSettings = {
				ALWAYS_EMBED_SWIFT_STANDARD_LIBRARIES = YES;
				CODE_SIGN_STYLE = Automatic;
				CURRENT_PROJECT_VERSION = 12;
				DEVELOPMENT_TEAM = X843D4L2C2;
				GENERATE_INFOPLIST_FILE = YES;
				IPHONEOS_DEPLOYMENT_TARGET = 16.2;
				MARKETING_VERSION = 1.0;
				PRODUCT_BUNDLE_IDENTIFIER = gdsc.MyPackUITests;
				PRODUCT_NAME = "$(TARGET_NAME)";
				SWIFT_EMIT_LOC_STRINGS = NO;
				SWIFT_VERSION = 5.0;
				TARGETED_DEVICE_FAMILY = 1;
				TEST_TARGET_NAME = MyPack;
			};
			name = Release;
		};
		43DCDBD729DEAFD800FFE1F9 /* Debug */ = {
			isa = XCBuildConfiguration;
			buildSettings = {
				CLANG_ENABLE_MODULES = YES;
				CODE_SIGN_IDENTITY = "Apple Development";
				"CODE_SIGN_IDENTITY[sdk=iphoneos*]" = "iPhone Developer";
				CODE_SIGN_STYLE = Automatic;
				CURRENT_PROJECT_VERSION = 1;
				DEFINES_MODULE = YES;
				DEVELOPMENT_TEAM = "";
				DYLIB_COMPATIBILITY_VERSION = 1;
				DYLIB_CURRENT_VERSION = 1;
				DYLIB_INSTALL_NAME_BASE = "@rpath";
				GENERATE_INFOPLIST_FILE = YES;
				INFOPLIST_KEY_NSHumanReadableCopyright = "";
				INSTALL_PATH = "$(LOCAL_LIBRARY_DIR)/Frameworks";
				LD_RUNPATH_SEARCH_PATHS = (
					"$(inherited)",
					"@executable_path/Frameworks",
					"@loader_path/Frameworks",
				);
				MARKETING_VERSION = 1.0;
				PRODUCT_BUNDLE_IDENTIFIER = gdsc.MyPackAnimation;
				PRODUCT_NAME = "$(TARGET_NAME:c99extidentifier)";
				SKIP_INSTALL = YES;
				SWIFT_EMIT_LOC_STRINGS = YES;
				SWIFT_OPTIMIZATION_LEVEL = "-Onone";
				SWIFT_VERSION = 5.0;
				TARGETED_DEVICE_FAMILY = "1,2";
				VERSIONING_SYSTEM = "apple-generic";
				VERSION_INFO_PREFIX = "";
			};
			name = Debug;
		};
		43DCDBD829DEAFD800FFE1F9 /* Release */ = {
			isa = XCBuildConfiguration;
			buildSettings = {
				CLANG_ENABLE_MODULES = YES;
				CODE_SIGN_IDENTITY = "Apple Development";
				"CODE_SIGN_IDENTITY[sdk=iphoneos*]" = "iPhone Developer";
				CODE_SIGN_STYLE = Automatic;
				CURRENT_PROJECT_VERSION = 1;
				DEFINES_MODULE = YES;
				DEVELOPMENT_TEAM = "";
				DYLIB_COMPATIBILITY_VERSION = 1;
				DYLIB_CURRENT_VERSION = 1;
				DYLIB_INSTALL_NAME_BASE = "@rpath";
				GENERATE_INFOPLIST_FILE = YES;
				INFOPLIST_KEY_NSHumanReadableCopyright = "";
				INSTALL_PATH = "$(LOCAL_LIBRARY_DIR)/Frameworks";
				LD_RUNPATH_SEARCH_PATHS = (
					"$(inherited)",
					"@executable_path/Frameworks",
					"@loader_path/Frameworks",
				);
				MARKETING_VERSION = 1.0;
				PRODUCT_BUNDLE_IDENTIFIER = gdsc.MyPackAnimation;
				PRODUCT_NAME = "$(TARGET_NAME:c99extidentifier)";
				SKIP_INSTALL = YES;
				SWIFT_EMIT_LOC_STRINGS = YES;
				SWIFT_VERSION = 5.0;
				TARGETED_DEVICE_FAMILY = "1,2";
				VERSIONING_SYSTEM = "apple-generic";
				VERSION_INFO_PREFIX = "";
			};
			name = Release;
		};
/* End XCBuildConfiguration section */

/* Begin XCConfigurationList section */
		4399C5EB29D84A9400794E69 /* Build configuration list for PBXNativeTarget "MyPackNetwork" */ = {
			isa = XCConfigurationList;
			buildConfigurations = (
				4399C5E729D84A9300794E69 /* Debug */,
				4399C5E829D84A9300794E69 /* Release */,
			);
			defaultConfigurationIsVisible = 0;
			defaultConfigurationName = Release;
		};
		43CEE76F29C2D69500AC7B28 /* Build configuration list for PBXProject "MyPack" */ = {
			isa = XCConfigurationList;
			buildConfigurations = (
				43CEE79C29C2D69500AC7B28 /* Debug */,
				43CEE79D29C2D69500AC7B28 /* Release */,
			);
			defaultConfigurationIsVisible = 0;
			defaultConfigurationName = Release;
		};
		43CEE79E29C2D69500AC7B28 /* Build configuration list for PBXNativeTarget "MyPack" */ = {
			isa = XCConfigurationList;
			buildConfigurations = (
				43CEE79F29C2D69500AC7B28 /* Debug */,
				43CEE7A029C2D69500AC7B28 /* Release */,
			);
			defaultConfigurationIsVisible = 0;
			defaultConfigurationName = Release;
		};
		43CEE7A129C2D69500AC7B28 /* Build configuration list for PBXNativeTarget "MyPackTests" */ = {
			isa = XCConfigurationList;
			buildConfigurations = (
				43CEE7A229C2D69500AC7B28 /* Debug */,
				43CEE7A329C2D69500AC7B28 /* Release */,
			);
			defaultConfigurationIsVisible = 0;
			defaultConfigurationName = Release;
		};
		43CEE7A429C2D69500AC7B28 /* Build configuration list for PBXNativeTarget "MyPackUITests" */ = {
			isa = XCConfigurationList;
			buildConfigurations = (
				43CEE7A529C2D69500AC7B28 /* Debug */,
				43CEE7A629C2D69500AC7B28 /* Release */,
			);
			defaultConfigurationIsVisible = 0;
			defaultConfigurationName = Release;
		};
		43DCDBD629DEAFD800FFE1F9 /* Build configuration list for PBXNativeTarget "MyPackAnimation" */ = {
			isa = XCConfigurationList;
			buildConfigurations = (
				43DCDBD729DEAFD800FFE1F9 /* Debug */,
				43DCDBD829DEAFD800FFE1F9 /* Release */,
			);
			defaultConfigurationIsVisible = 0;
			defaultConfigurationName = Release;
		};
/* End XCConfigurationList section */

/* Begin XCRemoteSwiftPackageReference section */
		4306BB5129C9A00900C2971E /* XCRemoteSwiftPackageReference "SnapKit" */ = {
			isa = XCRemoteSwiftPackageReference;
			repositoryURL = "https://github.com/SnapKit/SnapKit";
			requirement = {
				kind = upToNextMajorVersion;
				minimumVersion = 5.0.0;
			};
		};
		43F144BE29EE778000C2FA37 /* XCRemoteSwiftPackageReference "GoogleSignIn-iOS" */ = {
			isa = XCRemoteSwiftPackageReference;
			repositoryURL = "https://github.com/google/GoogleSignIn-iOS";
			requirement = {
				kind = upToNextMajorVersion;
				minimumVersion = 7.0.0;
			};
		};
/* End XCRemoteSwiftPackageReference section */

/* Begin XCSwiftPackageProductDependency section */
		4306BB5229C9A00900C2971E /* SnapKit */ = {
			isa = XCSwiftPackageProductDependency;
			package = 4306BB5129C9A00900C2971E /* XCRemoteSwiftPackageReference "SnapKit" */;
			productName = SnapKit;
		};
		432BFF3329C9A8C6000AF069 /* SnapKit */ = {
			isa = XCSwiftPackageProductDependency;
			package = 4306BB5129C9A00900C2971E /* XCRemoteSwiftPackageReference "SnapKit" */;
			productName = SnapKit;
		};
		43F144C229EE77BA00C2FA37 /* GoogleSignIn */ = {
			isa = XCSwiftPackageProductDependency;
			package = 43F144BE29EE778000C2FA37 /* XCRemoteSwiftPackageReference "GoogleSignIn-iOS" */;
			productName = GoogleSignIn;
		};
		43F144C829EE83E200C2FA37 /* GoogleSignIn */ = {
			isa = XCSwiftPackageProductDependency;
			package = 43F144BE29EE778000C2FA37 /* XCRemoteSwiftPackageReference "GoogleSignIn-iOS" */;
			productName = GoogleSignIn;
		};
/* End XCSwiftPackageProductDependency section */
	};
	rootObject = 43CEE76C29C2D69500AC7B28 /* Project object */;
}
